
Microsoft Visual Studio Solution File, Format Version 12.00
# Visual Studio Version 16
VisualStudioVersion = 16.0.32630.194
MinimumVisualStudioVersion = 10.0.40219.1
Project("{FAE04EC0-301F-11D3-BF4B-00C04F79EFBC}") = "AccesoDatos", "AccesoDatos\AccesoDatos.csproj", "{14E9FC82-CFA0-4450-81CE-9AE6EDF19553}"
EndProject
Project("{FAE04EC0-301F-11D3-BF4B-00C04F79EFBC}") = "ClienteWeb", "ClienteWeb\ClienteWeb.csproj", "{6A798274-35D5-49D8-A071-89B99F542380}"
	ProjectSection(ProjectDependencies) = postProject
		{14E9FC82-CFA0-4450-81CE-9AE6EDF19553} = {14E9FC82-CFA0-4450-81CE-9AE6EDF19553}
	EndProjectSection
EndProject
Project("{F184B08F-C81C-45F6-A57F-5ABD9991F28F}") = "ClienteEscritorio", "ClienteEscritorio\ClienteEscritorio.vbproj", "{7112141F-4DBA-4029-A784-A308304583D1}"
EndProject
Global
	GlobalSection(SolutionConfigurationPlatforms) = preSolution
		Debug|Any CPU = Debug|Any CPU
		Release|Any CPU = Release|Any CPU
	EndGlobalSection
	GlobalSection(ProjectConfigurationPlatforms) = postSolution
		{14E9FC82-CFA0-4450-81CE-9AE6EDF19553}.Debug|Any CPU.ActiveCfg = Debug|Any CPU
		{14E9FC82-CFA0-4450-81CE-9AE6EDF19553}.Debug|Any CPU.Build.0 = Debug|Any CPU
		{14E9FC82-CFA0-4450-81CE-9AE6EDF19553}.Release|Any CPU.ActiveCfg = Release|Any CPU
		{14E9FC82-CFA0-4450-81CE-9AE6EDF19553}.Release|Any CPU.Build.0 = Release|Any CPU
		{6A798274-35D5-49D8-A071-89B99F542380}.Debug|Any CPU.ActiveCfg = Debug|Any CPU
		{6A798274-35D5-49D8-A071-89B99F542380}.Debug|Any CPU.Build.0 = Debug|Any CPU
		{6A798274-35D5-49D8-A071-89B99F542380}.Release|Any CPU.ActiveCfg = Release|Any CPU
		{6A798274-35D5-49D8-A071-89B99F542380}.Release|Any CPU.Build.0 = Release|Any CPU
		{7112141F-4DBA-4029-A784-A308304583D1}.Debug|Any CPU.ActiveCfg = Debug|Any CPU
		{7112141F-4DBA-4029-A784-A308304583D1}.Debug|Any CPU.Build.0 = Debug|Any CPU
		{7112141F-4DBA-4029-A784-A308304583D1}.Release|Any CPU.ActiveCfg = Release|Any CPU
		{7112141F-4DBA-4029-A784-A308304583D1}.Release|Any CPU.Build.0 = Release|Any CPU
	EndGlobalSection
	GlobalSection(SolutionProperties) = preSolution
		HideSolutionNode = FALSE
	EndGlobalSection
	GlobalSection(ExtensibilityGlobals) = postSolution
		SolutionGuid = {40C99FA1-DB9D-45D6-8C86-59B5C8B8390F}
	EndGlobalSection
EndGlobal
